// !$*UTF8*$!
{
	archiveVersion = 1;
	classes = {
	};
	objectVersion = 51;
	objects = {

/* Begin PBXBuildFile section */
		0B8C270324A4FB8E00C03698 /* AppDelegate.m in Sources */ = {isa = PBXBuildFile; fileRef = 0B8C270224A4FB8E00C03698 /* AppDelegate.m */; };
		0B8C270624A4FB8E00C03698 /* SceneDelegate.m in Sources */ = {isa = PBXBuildFile; fileRef = 0B8C270524A4FB8E00C03698 /* SceneDelegate.m */; };
		0B8C270C24A4FB8E00C03698 /* Main.storyboard in Resources */ = {isa = PBXBuildFile; fileRef = 0B8C270A24A4FB8E00C03698 /* Main.storyboard */; };
		0B8C270E24A4FB9A00C03698 /* Assets.xcassets in Resources */ = {isa = PBXBuildFile; fileRef = 0B8C270D24A4FB9A00C03698 /* Assets.xcassets */; };
		0B8C271124A4FB9A00C03698 /* LaunchScreen.storyboard in Resources */ = {isa = PBXBuildFile; fileRef = 0B8C270F24A4FB9A00C03698 /* LaunchScreen.storyboard */; };
		0B8C271424A4FB9A00C03698 /* main.m in Sources */ = {isa = PBXBuildFile; fileRef = 0B8C271324A4FB9A00C03698 /* main.m */; };
		0B8C271E24A4FB9B00C03698 /* TumblrTests.m in Sources */ = {isa = PBXBuildFile; fileRef = 0B8C271D24A4FB9B00C03698 /* TumblrTests.m */; };
		0B8C272924A4FB9B00C03698 /* TumblrUITests.m in Sources */ = {isa = PBXBuildFile; fileRef = 0B8C272824A4FB9B00C03698 /* TumblrUITests.m */; };
		0B8C274324A542EA00C03698 /* PhotoCell.m in Sources */ = {isa = PBXBuildFile; fileRef = 0B8C274224A542EA00C03698 /* PhotoCell.m */; };
		33612ECA3DEA8C2F43B42406 /* Pods_Tumblr.framework in Frameworks */ = {isa = PBXBuildFile; fileRef = E742277BDB22949F24DC127E /* Pods_Tumblr.framework */; };
		79F9C392C4EA04098C491B31 /* Pods_TumblrTests.framework in Frameworks */ = {isa = PBXBuildFile; fileRef = 53664F9B74832BD28052E499 /* Pods_TumblrTests.framework */; };
		95641903F68A515E8CE929AE /* Pods_Tumblr_TumblrUITests.framework in Frameworks */ = {isa = PBXBuildFile; fileRef = 7408279361877AE29C6003EB /* Pods_Tumblr_TumblrUITests.framework */; };
		B9119D2124A5CE43001ECA4D /* PhotosViewController.m in Sources */ = {isa = PBXBuildFile; fileRef = B9119D2024A5CE43001ECA4D /* PhotosViewController.m */; };
/* End PBXBuildFile section */

/* Begin PBXContainerItemProxy section */
		0B8C271A24A4FB9B00C03698 /* PBXContainerItemProxy */ = {
			isa = PBXContainerItemProxy;
			containerPortal = 0B8C26F624A4FB8D00C03698 /* Project object */;
			proxyType = 1;
			remoteGlobalIDString = 0B8C26FD24A4FB8E00C03698;
			remoteInfo = Tumblr;
		};
		0B8C272524A4FB9B00C03698 /* PBXContainerItemProxy */ = {
			isa = PBXContainerItemProxy;
			containerPortal = 0B8C26F624A4FB8D00C03698 /* Project object */;
			proxyType = 1;
			remoteGlobalIDString = 0B8C26FD24A4FB8E00C03698;
			remoteInfo = Tumblr;
		};
/* End PBXContainerItemProxy section */

/* Begin PBXFileReference section */
		0B8C26FE24A4FB8E00C03698 /* Tumblr.app */ = {isa = PBXFileReference; explicitFileType = wrapper.application; includeInIndex = 0; path = Tumblr.app; sourceTree = BUILT_PRODUCTS_DIR; };
		0B8C270124A4FB8E00C03698 /* AppDelegate.h */ = {isa = PBXFileReference; lastKnownFileType = sourcecode.c.h; path = AppDelegate.h; sourceTree = "<group>"; };
		0B8C270224A4FB8E00C03698 /* AppDelegate.m */ = {isa = PBXFileReference; lastKnownFileType = sourcecode.c.objc; path = AppDelegate.m; sourceTree = "<group>"; };
		0B8C270424A4FB8E00C03698 /* SceneDelegate.h */ = {isa = PBXFileReference; lastKnownFileType = sourcecode.c.h; path = SceneDelegate.h; sourceTree = "<group>"; };
		0B8C270524A4FB8E00C03698 /* SceneDelegate.m */ = {isa = PBXFileReference; lastKnownFileType = sourcecode.c.objc; path = SceneDelegate.m; sourceTree = "<group>"; };
		0B8C270B24A4FB8E00C03698 /* Base */ = {isa = PBXFileReference; lastKnownFileType = file.storyboard; name = Base; path = Base.lproj/Main.storyboard; sourceTree = "<group>"; };
		0B8C270D24A4FB9A00C03698 /* Assets.xcassets */ = {isa = PBXFileReference; lastKnownFileType = folder.assetcatalog; path = Assets.xcassets; sourceTree = "<group>"; };
		0B8C271024A4FB9A00C03698 /* Base */ = {isa = PBXFileReference; lastKnownFileType = file.storyboard; name = Base; path = Base.lproj/LaunchScreen.storyboard; sourceTree = "<group>"; };
		0B8C271224A4FB9A00C03698 /* Info.plist */ = {isa = PBXFileReference; lastKnownFileType = text.plist.xml; path = Info.plist; sourceTree = "<group>"; };
		0B8C271324A4FB9A00C03698 /* main.m */ = {isa = PBXFileReference; lastKnownFileType = sourcecode.c.objc; path = main.m; sourceTree = "<group>"; };
		0B8C271924A4FB9B00C03698 /* TumblrTests.xctest */ = {isa = PBXFileReference; explicitFileType = wrapper.cfbundle; includeInIndex = 0; path = TumblrTests.xctest; sourceTree = BUILT_PRODUCTS_DIR; };
		0B8C271D24A4FB9B00C03698 /* TumblrTests.m */ = {isa = PBXFileReference; lastKnownFileType = sourcecode.c.objc; path = TumblrTests.m; sourceTree = "<group>"; };
		0B8C271F24A4FB9B00C03698 /* Info.plist */ = {isa = PBXFileReference; lastKnownFileType = text.plist.xml; path = Info.plist; sourceTree = "<group>"; };
		0B8C272424A4FB9B00C03698 /* TumblrUITests.xctest */ = {isa = PBXFileReference; explicitFileType = wrapper.cfbundle; includeInIndex = 0; path = TumblrUITests.xctest; sourceTree = BUILT_PRODUCTS_DIR; };
		0B8C272824A4FB9B00C03698 /* TumblrUITests.m */ = {isa = PBXFileReference; lastKnownFileType = sourcecode.c.objc; path = TumblrUITests.m; sourceTree = "<group>"; };
		0B8C272A24A4FB9B00C03698 /* Info.plist */ = {isa = PBXFileReference; lastKnownFileType = text.plist.xml; path = Info.plist; sourceTree = "<group>"; };
		0B8C274124A542EA00C03698 /* PhotoCell.h */ = {isa = PBXFileReference; lastKnownFileType = sourcecode.c.h; path = PhotoCell.h; sourceTree = "<group>"; };
		0B8C274224A542EA00C03698 /* PhotoCell.m */ = {isa = PBXFileReference; lastKnownFileType = sourcecode.c.objc; path = PhotoCell.m; sourceTree = "<group>"; };
		2574358D7D1B5E5FC4109232 /* Pods-TumblrTests.debug.xcconfig */ = {isa = PBXFileReference; includeInIndex = 1; lastKnownFileType = text.xcconfig; name = "Pods-TumblrTests.debug.xcconfig"; path = "Target Support Files/Pods-TumblrTests/Pods-TumblrTests.debug.xcconfig"; sourceTree = "<group>"; };
		52FB6B27AC942610AB727EB3 /* Pods-TumblrTests.release.xcconfig */ = {isa = PBXFileReference; includeInIndex = 1; lastKnownFileType = text.xcconfig; name = "Pods-TumblrTests.release.xcconfig"; path = "Target Support Files/Pods-TumblrTests/Pods-TumblrTests.release.xcconfig"; sourceTree = "<group>"; };
		53664F9B74832BD28052E499 /* Pods_TumblrTests.framework */ = {isa = PBXFileReference; explicitFileType = wrapper.framework; includeInIndex = 0; path = Pods_TumblrTests.framework; sourceTree = BUILT_PRODUCTS_DIR; };
		6B162F796E703D7CFFBB2A31 /* Pods-Tumblr-TumblrUITests.release.xcconfig */ = {isa = PBXFileReference; includeInIndex = 1; lastKnownFileType = text.xcconfig; name = "Pods-Tumblr-TumblrUITests.release.xcconfig"; path = "Target Support Files/Pods-Tumblr-TumblrUITests/Pods-Tumblr-TumblrUITests.release.xcconfig"; sourceTree = "<group>"; };
		7408279361877AE29C6003EB /* Pods_Tumblr_TumblrUITests.framework */ = {isa = PBXFileReference; explicitFileType = wrapper.framework; includeInIndex = 0; path = Pods_Tumblr_TumblrUITests.framework; sourceTree = BUILT_PRODUCTS_DIR; };
		9660F69E447A152CD7048C6D /* Pods-Tumblr.debug.xcconfig */ = {isa = PBXFileReference; includeInIndex = 1; lastKnownFileType = text.xcconfig; name = "Pods-Tumblr.debug.xcconfig"; path = "Target Support Files/Pods-Tumblr/Pods-Tumblr.debug.xcconfig"; sourceTree = "<group>"; };
		B9119D1F24A5CE43001ECA4D /* PhotosViewController.h */ = {isa = PBXFileReference; lastKnownFileType = sourcecode.c.h; path = PhotosViewController.h; sourceTree = "<group>"; };
		B9119D2024A5CE43001ECA4D /* PhotosViewController.m */ = {isa = PBXFileReference; lastKnownFileType = sourcecode.c.objc; path = PhotosViewController.m; sourceTree = "<group>"; };
		D6039308C0FB7D3AADD8B10B /* Pods-Tumblr-TumblrUITests.debug.xcconfig */ = {isa = PBXFileReference; includeInIndex = 1; lastKnownFileType = text.xcconfig; name = "Pods-Tumblr-TumblrUITests.debug.xcconfig"; path = "Target Support Files/Pods-Tumblr-TumblrUITests/Pods-Tumblr-TumblrUITests.debug.xcconfig"; sourceTree = "<group>"; };
		E742277BDB22949F24DC127E /* Pods_Tumblr.framework */ = {isa = PBXFileReference; explicitFileType = wrapper.framework; includeInIndex = 0; path = Pods_Tumblr.framework; sourceTree = BUILT_PRODUCTS_DIR; };
		F1F49701673C9BE91BED36A5 /* Pods-Tumblr.release.xcconfig */ = {isa = PBXFileReference; includeInIndex = 1; lastKnownFileType = text.xcconfig; name = "Pods-Tumblr.release.xcconfig"; path = "Target Support Files/Pods-Tumblr/Pods-Tumblr.release.xcconfig"; sourceTree = "<group>"; };
/* End PBXFileReference section */

/* Begin PBXFrameworksBuildPhase section */
		0B8C26FB24A4FB8E00C03698 /* Frameworks */ = {
			isa = PBXFrameworksBuildPhase;
			buildActionMask = 2147483647;
			files = (
				33612ECA3DEA8C2F43B42406 /* Pods_Tumblr.framework in Frameworks */,
			);
			runOnlyForDeploymentPostprocessing = 0;
		};
		0B8C271624A4FB9B00C03698 /* Frameworks */ = {
			isa = PBXFrameworksBuildPhase;
			buildActionMask = 2147483647;
			files = (
				79F9C392C4EA04098C491B31 /* Pods_TumblrTests.framework in Frameworks */,
			);
			runOnlyForDeploymentPostprocessing = 0;
		};
		0B8C272124A4FB9B00C03698 /* Frameworks */ = {
			isa = PBXFrameworksBuildPhase;
			buildActionMask = 2147483647;
			files = (
				95641903F68A515E8CE929AE /* Pods_Tumblr_TumblrUITests.framework in Frameworks */,
			);
			runOnlyForDeploymentPostprocessing = 0;
		};
/* End PBXFrameworksBuildPhase section */

/* Begin PBXGroup section */
		0B8C26F524A4FB8D00C03698 = {
			isa = PBXGroup;
			children = (
				0B8C270024A4FB8E00C03698 /* Tumblr */,
				0B8C271C24A4FB9B00C03698 /* TumblrTests */,
				0B8C272724A4FB9B00C03698 /* TumblrUITests */,
				0B8C26FF24A4FB8E00C03698 /* Products */,
				53790130EEB6E1C6600F2F43 /* Pods */,
				D1A567B8F5ABC2D71B70659C /* Frameworks */,
			);
			sourceTree = "<group>";
		};
		0B8C26FF24A4FB8E00C03698 /* Products */ = {
			isa = PBXGroup;
			children = (
				0B8C26FE24A4FB8E00C03698 /* Tumblr.app */,
				0B8C271924A4FB9B00C03698 /* TumblrTests.xctest */,
				0B8C272424A4FB9B00C03698 /* TumblrUITests.xctest */,
			);
			name = Products;
			sourceTree = "<group>";
		};
		0B8C270024A4FB8E00C03698 /* Tumblr */ = {
			isa = PBXGroup;
			children = (
				0B8C274024A52B2C00C03698 /* Views */,
				0B8C270124A4FB8E00C03698 /* AppDelegate.h */,
				0B8C270224A4FB8E00C03698 /* AppDelegate.m */,
				0B8C270424A4FB8E00C03698 /* SceneDelegate.h */,
				0B8C270524A4FB8E00C03698 /* SceneDelegate.m */,
				0B8C270A24A4FB8E00C03698 /* Main.storyboard */,
				0B8C270D24A4FB9A00C03698 /* Assets.xcassets */,
				0B8C270F24A4FB9A00C03698 /* LaunchScreen.storyboard */,
				0B8C271224A4FB9A00C03698 /* Info.plist */,
				0B8C271324A4FB9A00C03698 /* main.m */,
				B9119D1F24A5CE43001ECA4D /* PhotosViewController.h */,
				B9119D2024A5CE43001ECA4D /* PhotosViewController.m */,
			);
			path = Tumblr;
			sourceTree = "<group>";
		};
		0B8C271C24A4FB9B00C03698 /* TumblrTests */ = {
			isa = PBXGroup;
			children = (
				0B8C271D24A4FB9B00C03698 /* TumblrTests.m */,
				0B8C271F24A4FB9B00C03698 /* Info.plist */,
			);
			path = TumblrTests;
			sourceTree = "<group>";
		};
		0B8C272724A4FB9B00C03698 /* TumblrUITests */ = {
			isa = PBXGroup;
			children = (
				0B8C272824A4FB9B00C03698 /* TumblrUITests.m */,
				0B8C272A24A4FB9B00C03698 /* Info.plist */,
			);
			path = TumblrUITests;
			sourceTree = "<group>";
		};
		0B8C274024A52B2C00C03698 /* Views */ = {
			isa = PBXGroup;
			children = (
				0B8C274124A542EA00C03698 /* PhotoCell.h */,
				0B8C274224A542EA00C03698 /* PhotoCell.m */,
			);
			path = Views;
			sourceTree = "<group>";
		};
		53790130EEB6E1C6600F2F43 /* Pods */ = {
			isa = PBXGroup;
			children = (
				9660F69E447A152CD7048C6D /* Pods-Tumblr.debug.xcconfig */,
				F1F49701673C9BE91BED36A5 /* Pods-Tumblr.release.xcconfig */,
				D6039308C0FB7D3AADD8B10B /* Pods-Tumblr-TumblrUITests.debug.xcconfig */,
				6B162F796E703D7CFFBB2A31 /* Pods-Tumblr-TumblrUITests.release.xcconfig */,
				2574358D7D1B5E5FC4109232 /* Pods-TumblrTests.debug.xcconfig */,
				52FB6B27AC942610AB727EB3 /* Pods-TumblrTests.release.xcconfig */,
			);
			path = Pods;
			sourceTree = "<group>";
		};
		D1A567B8F5ABC2D71B70659C /* Frameworks */ = {
			isa = PBXGroup;
			children = (
				E742277BDB22949F24DC127E /* Pods_Tumblr.framework */,
				7408279361877AE29C6003EB /* Pods_Tumblr_TumblrUITests.framework */,
				53664F9B74832BD28052E499 /* Pods_TumblrTests.framework */,
			);
			name = Frameworks;
			sourceTree = "<group>";
		};
/* End PBXGroup section */

/* Begin PBXNativeTarget section */
		0B8C26FD24A4FB8E00C03698 /* Tumblr */ = {
			isa = PBXNativeTarget;
			buildConfigurationList = 0B8C272D24A4FB9B00C03698 /* Build configuration list for PBXNativeTarget "Tumblr" */;
			buildPhases = (
				70B2FB2751CD708407F30857 /* [CP] Check Pods Manifest.lock */,
				0B8C26FA24A4FB8E00C03698 /* Sources */,
				0B8C26FB24A4FB8E00C03698 /* Frameworks */,
				0B8C26FC24A4FB8E00C03698 /* Resources */,
				0E42536B81B70909670AA7A5 /* [CP] Embed Pods Frameworks */,
			);
			buildRules = (
			);
			dependencies = (
			);
			name = Tumblr;
			productName = Tumblr;
			productReference = 0B8C26FE24A4FB8E00C03698 /* Tumblr.app */;
			productType = "com.apple.product-type.application";
		};
		0B8C271824A4FB9B00C03698 /* TumblrTests */ = {
			isa = PBXNativeTarget;
			buildConfigurationList = 0B8C273024A4FB9B00C03698 /* Build configuration list for PBXNativeTarget "TumblrTests" */;
			buildPhases = (
				8118D13CE4EC15B634B0D50D /* [CP] Check Pods Manifest.lock */,
				0B8C271524A4FB9B00C03698 /* Sources */,
				0B8C271624A4FB9B00C03698 /* Frameworks */,
				0B8C271724A4FB9B00C03698 /* Resources */,
			);
			buildRules = (
			);
			dependencies = (
				0B8C271B24A4FB9B00C03698 /* PBXTargetDependency */,
			);
			name = TumblrTests;
			productName = TumblrTests;
			productReference = 0B8C271924A4FB9B00C03698 /* TumblrTests.xctest */;
			productType = "com.apple.product-type.bundle.unit-test";
		};
		0B8C272324A4FB9B00C03698 /* TumblrUITests */ = {
			isa = PBXNativeTarget;
			buildConfigurationList = 0B8C273324A4FB9B00C03698 /* Build configuration list for PBXNativeTarget "TumblrUITests" */;
			buildPhases = (
				A2424445658394B8169422CB /* [CP] Check Pods Manifest.lock */,
				0B8C272024A4FB9B00C03698 /* Sources */,
				0B8C272124A4FB9B00C03698 /* Frameworks */,
				0B8C272224A4FB9B00C03698 /* Resources */,
				8E8E3C03D6B9F71E00256E35 /* [CP] Embed Pods Frameworks */,
			);
			buildRules = (
			);
			dependencies = (
				0B8C272624A4FB9B00C03698 /* PBXTargetDependency */,
			);
			name = TumblrUITests;
			productName = TumblrUITests;
			productReference = 0B8C272424A4FB9B00C03698 /* TumblrUITests.xctest */;
			productType = "com.apple.product-type.bundle.ui-testing";
		};
/* End PBXNativeTarget section */

/* Begin PBXProject section */
		0B8C26F624A4FB8D00C03698 /* Project object */ = {
			isa = PBXProject;
			attributes = {
				LastUpgradeCheck = 1150;
				ORGANIZATIONNAME = "Angela Xu";
				TargetAttributes = {
					0B8C26FD24A4FB8E00C03698 = {
						CreatedOnToolsVersion = 11.5;
					};
					0B8C271824A4FB9B00C03698 = {
						CreatedOnToolsVersion = 11.5;
						TestTargetID = 0B8C26FD24A4FB8E00C03698;
					};
					0B8C272324A4FB9B00C03698 = {
						CreatedOnToolsVersion = 11.5;
						TestTargetID = 0B8C26FD24A4FB8E00C03698;
					};
				};
			};
			buildConfigurationList = 0B8C26F924A4FB8D00C03698 /* Build configuration list for PBXProject "Tumblr" */;
			compatibilityVersion = "Xcode 9.3";
			developmentRegion = en;
			hasScannedForEncodings = 0;
			knownRegions = (
				en,
				Base,
			);
			mainGroup = 0B8C26F524A4FB8D00C03698;
			productRefGroup = 0B8C26FF24A4FB8E00C03698 /* Products */;
			projectDirPath = "";
			projectRoot = "";
			targets = (
				0B8C26FD24A4FB8E00C03698 /* Tumblr */,
				0B8C271824A4FB9B00C03698 /* TumblrTests */,
				0B8C272324A4FB9B00C03698 /* TumblrUITests */,
			);
		};
/* End PBXProject section */

/* Begin PBXResourcesBuildPhase section */
		0B8C26FC24A4FB8E00C03698 /* Resources */ = {
			isa = PBXResourcesBuildPhase;
			buildActionMask = 2147483647;
			files = (
				0B8C271124A4FB9A00C03698 /* LaunchScreen.storyboard in Resources */,
				0B8C270E24A4FB9A00C03698 /* Assets.xcassets in Resources */,
				0B8C270C24A4FB8E00C03698 /* Main.storyboard in Resources */,
			);
			runOnlyForDeploymentPostprocessing = 0;
		};
		0B8C271724A4FB9B00C03698 /* Resources */ = {
			isa = PBXResourcesBuildPhase;
			buildActionMask = 2147483647;
			files = (
			);
			runOnlyForDeploymentPostprocessing = 0;
		};
		0B8C272224A4FB9B00C03698 /* Resources */ = {
			isa = PBXResourcesBuildPhase;
			buildActionMask = 2147483647;
			files = (
			);
			runOnlyForDeploymentPostprocessing = 0;
		};
/* End PBXResourcesBuildPhase section */

/* Begin PBXShellScriptBuildPhase section */
		0E42536B81B70909670AA7A5 /* [CP] Embed Pods Frameworks */ = {
			isa = PBXShellScriptBuildPhase;
			buildActionMask = 2147483647;
			files = (
			);
			inputFileListPaths = (
				"${PODS_ROOT}/Target Support Files/Pods-Tumblr/Pods-Tumblr-frameworks-${CONFIGURATION}-input-files.xcfilelist",
			);
			name = "[CP] Embed Pods Frameworks";
			outputFileListPaths = (
				"${PODS_ROOT}/Target Support Files/Pods-Tumblr/Pods-Tumblr-frameworks-${CONFIGURATION}-output-files.xcfilelist",
			);
			runOnlyForDeploymentPostprocessing = 0;
			shellPath = /bin/sh;
			shellScript = "\"${PODS_ROOT}/Target Support Files/Pods-Tumblr/Pods-Tumblr-frameworks.sh\"\n";
			showEnvVarsInLog = 0;
		};
		70B2FB2751CD708407F30857 /* [CP] Check Pods Manifest.lock */ = {
			isa = PBXShellScriptBuildPhase;
			buildActionMask = 2147483647;
			files = (
			);
			inputFileListPaths = (
			);
			inputPaths = (
				"${PODS_PODFILE_DIR_PATH}/Podfile.lock",
				"${PODS_ROOT}/Manifest.lock",
			);
			name = "[CP] Check Pods Manifest.lock";
			outputFileListPaths = (
			);
			outputPaths = (
				"$(DERIVED_FILE_DIR)/Pods-Tumblr-checkManifestLockResult.txt",
			);
			runOnlyForDeploymentPostprocessing = 0;
			shellPath = /bin/sh;
			shellScript = "diff \"${PODS_PODFILE_DIR_PATH}/Podfile.lock\" \"${PODS_ROOT}/Manifest.lock\" > /dev/null\nif [ $? != 0 ] ; then\n    # print error to STDERR\n    echo \"error: The sandbox is not in sync with the Podfile.lock. Run 'pod install' or update your CocoaPods installation.\" >&2\n    exit 1\nfi\n# This output is used by Xcode 'outputs' to avoid re-running this script phase.\necho \"SUCCESS\" > \"${SCRIPT_OUTPUT_FILE_0}\"\n";
			showEnvVarsInLog = 0;
		};
		8118D13CE4EC15B634B0D50D /* [CP] Check Pods Manifest.lock */ = {
			isa = PBXShellScriptBuildPhase;
			buildActionMask = 2147483647;
			files = (
			);
			inputFileListPaths = (
			);
			inputPaths = (
				"${PODS_PODFILE_DIR_PATH}/Podfile.lock",
				"${PODS_ROOT}/Manifest.lock",
			);
			name = "[CP] Check Pods Manifest.lock";
			outputFileListPaths = (
			);
			outputPaths = (
				"$(DERIVED_FILE_DIR)/Pods-TumblrTests-checkManifestLockResult.txt",
			);
			runOnlyForDeploymentPostprocessing = 0;
			shellPath = /bin/sh;
			shellScript = "diff \"${PODS_PODFILE_DIR_PATH}/Podfile.lock\" \"${PODS_ROOT}/Manifest.lock\" > /dev/null\nif [ $? != 0 ] ; then\n    # print error to STDERR\n    echo \"error: The sandbox is not in sync with the Podfile.lock. Run 'pod install' or update your CocoaPods installation.\" >&2\n    exit 1\nfi\n# This output is used by Xcode 'outputs' to avoid re-running this script phase.\necho \"SUCCESS\" > \"${SCRIPT_OUTPUT_FILE_0}\"\n";
			showEnvVarsInLog = 0;
		};
		8E8E3C03D6B9F71E00256E35 /* [CP] Embed Pods Frameworks */ = {
			isa = PBXShellScriptBuildPhase;
			buildActionMask = 2147483647;
			files = (
			);
			inputFileListPaths = (
				"${PODS_ROOT}/Target Support Files/Pods-Tumblr-TumblrUITests/Pods-Tumblr-TumblrUITests-frameworks-${CONFIGURATION}-input-files.xcfilelist",
			);
			name = "[CP] Embed Pods Frameworks";
			outputFileListPaths = (
				"${PODS_ROOT}/Target Support Files/Pods-Tumblr-TumblrUITests/Pods-Tumblr-TumblrUITests-frameworks-${CONFIGURATION}-output-files.xcfilelist",
			);
			runOnlyForDeploymentPostprocessing = 0;
			shellPath = /bin/sh;
			shellScript = "\"${PODS_ROOT}/Target Support Files/Pods-Tumblr-TumblrUITests/Pods-Tumblr-TumblrUITests-frameworks.sh\"\n";
			showEnvVarsInLog = 0;
		};
		A2424445658394B8169422CB /* [CP] Check Pods Manifest.lock */ = {
			isa = PBXShellScriptBuildPhase;
			buildActionMask = 2147483647;
			files = (
			);
			inputFileListPaths = (
			);
			inputPaths = (
				"${PODS_PODFILE_DIR_PATH}/Podfile.lock",
				"${PODS_ROOT}/Manifest.lock",
			);
			name = "[CP] Check Pods Manifest.lock";
			outputFileListPaths = (
			);
			outputPaths = (
				"$(DERIVED_FILE_DIR)/Pods-Tumblr-TumblrUITests-checkManifestLockResult.txt",
			);
			runOnlyForDeploymentPostprocessing = 0;
			shellPath = /bin/sh;
			shellScript = "diff \"${PODS_PODFILE_DIR_PATH}/Podfile.lock\" \"${PODS_ROOT}/Manifest.lock\" > /dev/null\nif [ $? != 0 ] ; then\n    # print error to STDERR\n    echo \"error: The sandbox is not in sync with the Podfile.lock. Run 'pod install' or update your CocoaPods installation.\" >&2\n    exit 1\nfi\n# This output is used by Xcode 'outputs' to avoid re-running this script phase.\necho \"SUCCESS\" > \"${SCRIPT_OUTPUT_FILE_0}\"\n";
			showEnvVarsInLog = 0;
		};
/* End PBXShellScriptBuildPhase section */

/* Begin PBXSourcesBuildPhase section */
		0B8C26FA24A4FB8E00C03698 /* Sources */ = {
			isa = PBXSourcesBuildPhase;
			buildActionMask = 2147483647;
			files = (
				0B8C270324A4FB8E00C03698 /* AppDelegate.m in Sources */,
				0B8C274324A542EA00C03698 /* PhotoCell.m in Sources */,
				0B8C271424A4FB9A00C03698 /* main.m in Sources */,
				B9119D2124A5CE43001ECA4D /* PhotosViewController.m in Sources */,
				0B8C270624A4FB8E00C03698 /* SceneDelegate.m in Sources */,
			);
			runOnlyForDeploymentPostprocessing = 0;
		};
		0B8C271524A4FB9B00C03698 /* Sources */ = {
			isa = PBXSourcesBuildPhase;
			buildActionMask = 2147483647;
			files = (
				0B8C271E24A4FB9B00C03698 /* TumblrTests.m in Sources */,
			);
			runOnlyForDeploymentPostprocessing = 0;
		};
		0B8C272024A4FB9B00C03698 /* Sources */ = {
			isa = PBXSourcesBuildPhase;
			buildActionMask = 2147483647;
			files = (
				0B8C272924A4FB9B00C03698 /* TumblrUITests.m in Sources */,
			);
			runOnlyForDeploymentPostprocessing = 0;
		};
/* End PBXSourcesBuildPhase section */

/* Begin PBXTargetDependency section */
		0B8C271B24A4FB9B00C03698 /* PBXTargetDependency */ = {
			isa = PBXTargetDependency;
			target = 0B8C26FD24A4FB8E00C03698 /* Tumblr */;
			targetProxy = 0B8C271A24A4FB9B00C03698 /* PBXContainerItemProxy */;
		};
		0B8C272624A4FB9B00C03698 /* PBXTargetDependency */ = {
			isa = PBXTargetDependency;
			target = 0B8C26FD24A4FB8E00C03698 /* Tumblr */;
			targetProxy = 0B8C272524A4FB9B00C03698 /* PBXContainerItemProxy */;
		};
/* End PBXTargetDependency section */

/* Begin PBXVariantGroup section */
		0B8C270A24A4FB8E00C03698 /* Main.storyboard */ = {
			isa = PBXVariantGroup;
			children = (
				0B8C270B24A4FB8E00C03698 /* Base */,
			);
			name = Main.storyboard;
			sourceTree = "<group>";
		};
		0B8C270F24A4FB9A00C03698 /* LaunchScreen.storyboard */ = {
			isa = PBXVariantGroup;
			children = (
				0B8C271024A4FB9A00C03698 /* Base */,
			);
			name = LaunchScreen.storyboard;
			sourceTree = "<group>";
		};
/* End PBXVariantGroup section */

/* Begin XCBuildConfiguration section */
		0B8C272B24A4FB9B00C03698 /* Debug */ = {
			isa = XCBuildConfiguration;
			buildSettings = {
				ALWAYS_SEARCH_USER_PATHS = NO;
				CLANG_ANALYZER_NONNULL = YES;
				CLANG_ANALYZER_NUMBER_OBJECT_CONVERSION = YES_AGGRESSIVE;
				CLANG_CXX_LANGUAGE_STANDARD = "gnu++14";
				CLANG_CXX_LIBRARY = "libc++";
				CLANG_ENABLE_MODULES = YES;
				CLANG_ENABLE_OBJC_ARC = YES;
				CLANG_ENABLE_OBJC_WEAK = YES;
				CLANG_WARN_BLOCK_CAPTURE_AUTORELEASING = YES;
				CLANG_WARN_BOOL_CONVERSION = YES;
				CLANG_WARN_COMMA = YES;
				CLANG_WARN_CONSTANT_CONVERSION = YES;
				CLANG_WARN_DEPRECATED_OBJC_IMPLEMENTATIONS = YES;
				CLANG_WARN_DIRECT_OBJC_ISA_USAGE = YES_ERROR;
				CLANG_WARN_DOCUMENTATION_COMMENTS = YES;
				CLANG_WARN_EMPTY_BODY = YES;
				CLANG_WARN_ENUM_CONVERSION = YES;
				CLANG_WARN_INFINITE_RECURSION = YES;
				CLANG_WARN_INT_CONVERSION = YES;
				CLANG_WARN_NON_LITERAL_NULL_CONVERSION = YES;
				CLANG_WARN_OBJC_IMPLICIT_RETAIN_SELF = YES;
				CLANG_WARN_OBJC_LITERAL_CONVERSION = YES;
				CLANG_WARN_OBJC_ROOT_CLASS = YES_ERROR;
				CLANG_WARN_RANGE_LOOP_ANALYSIS = YES;
				CLANG_WARN_STRICT_PROTOTYPES = YES;
				CLANG_WARN_SUSPICIOUS_MOVE = YES;
				CLANG_WARN_UNGUARDED_AVAILABILITY = YES_AGGRESSIVE;
				CLANG_WARN_UNREACHABLE_CODE = YES;
				CLANG_WARN__DUPLICATE_METHOD_MATCH = YES;
				COPY_PHASE_STRIP = NO;
				DEBUG_INFORMATION_FORMAT = dwarf;
				ENABLE_STRICT_OBJC_MSGSEND = YES;
				ENABLE_TESTABILITY = YES;
				GCC_C_LANGUAGE_STANDARD = gnu11;
				GCC_DYNAMIC_NO_PIC = NO;
				GCC_NO_COMMON_BLOCKS = YES;
				GCC_OPTIMIZATION_LEVEL = 0;
				GCC_PREPROCESSOR_DEFINITIONS = (
					"DEBUG=1",
					"$(inherited)",
				);
				GCC_WARN_64_TO_32_BIT_CONVERSION = YES;
				GCC_WARN_ABOUT_RETURN_TYPE = YES_ERROR;
				GCC_WARN_UNDECLARED_SELECTOR = YES;
				GCC_WARN_UNINITIALIZED_AUTOS = YES_AGGRESSIVE;
				GCC_WARN_UNUSED_FUNCTION = YES;
				GCC_WARN_UNUSED_VARIABLE = YES;
				IPHONEOS_DEPLOYMENT_TARGET = 13.5;
				MTL_ENABLE_DEBUG_INFO = INCLUDE_SOURCE;
				MTL_FAST_MATH = YES;
				ONLY_ACTIVE_ARCH = YES;
				SDKROOT = iphoneos;
			};
			name = Debug;
		};
		0B8C272C24A4FB9B00C03698 /* Release */ = {
			isa = XCBuildConfiguration;
			buildSettings = {
				ALWAYS_SEARCH_USER_PATHS = NO;
				CLANG_ANALYZER_NONNULL = YES;
				CLANG_ANALYZER_NUMBER_OBJECT_CONVERSION = YES_AGGRESSIVE;
				CLANG_CXX_LANGUAGE_STANDARD = "gnu++14";
				CLANG_CXX_LIBRARY = "libc++";
				CLANG_ENABLE_MODULES = YES;
				CLANG_ENABLE_OBJC_ARC = YES;
				CLANG_ENABLE_OBJC_WEAK = YES;
				CLANG_WARN_BLOCK_CAPTURE_AUTORELEASING = YES;
				CLANG_WARN_BOOL_CONVERSION = YES;
				CLANG_WARN_COMMA = YES;
				CLANG_WARN_CONSTANT_CONVERSION = YES;
				CLANG_WARN_DEPRECATED_OBJC_IMPLEMENTATIONS = YES;
				CLANG_WARN_DIRECT_OBJC_ISA_USAGE = YES_ERROR;
				CLANG_WARN_DOCUMENTATION_COMMENTS = YES;
				CLANG_WARN_EMPTY_BODY = YES;
				CLANG_WARN_ENUM_CONVERSION = YES;
				CLANG_WARN_INFINITE_RECURSION = YES;
				CLANG_WARN_INT_CONVERSION = YES;
				CLANG_WARN_NON_LITERAL_NULL_CONVERSION = YES;
				CLANG_WARN_OBJC_IMPLICIT_RETAIN_SELF = YES;
				CLANG_WARN_OBJC_LITERAL_CONVERSION = YES;
				CLANG_WARN_OBJC_ROOT_CLASS = YES_ERROR;
				CLANG_WARN_RANGE_LOOP_ANALYSIS = YES;
				CLANG_WARN_STRICT_PROTOTYPES = YES;
				CLANG_WARN_SUSPICIOUS_MOVE = YES;
				CLANG_WARN_UNGUARDED_AVAILABILITY = YES_AGGRESSIVE;
				CLANG_WARN_UNREACHABLE_CODE = YES;
				CLANG_WARN__DUPLICATE_METHOD_MATCH = YES;
				COPY_PHASE_STRIP = NO;
				DEBUG_INFORMATION_FORMAT = "dwarf-with-dsym";
				ENABLE_NS_ASSERTIONS = NO;
				ENABLE_STRICT_OBJC_MSGSEND = YES;
				GCC_C_LANGUAGE_STANDARD = gnu11;
				GCC_NO_COMMON_BLOCKS = YES;
				GCC_WARN_64_TO_32_BIT_CONVERSION = YES;
				GCC_WARN_ABOUT_RETURN_TYPE = YES_ERROR;
				GCC_WARN_UNDECLARED_SELECTOR = YES;
				GCC_WARN_UNINITIALIZED_AUTOS = YES_AGGRESSIVE;
				GCC_WARN_UNUSED_FUNCTION = YES;
				GCC_WARN_UNUSED_VARIABLE = YES;
				IPHONEOS_DEPLOYMENT_TARGET = 13.5;
				MTL_ENABLE_DEBUG_INFO = NO;
				MTL_FAST_MATH = YES;
				SDKROOT = iphoneos;
				VALIDATE_PRODUCT = YES;
			};
			name = Release;
		};
		0B8C272E24A4FB9B00C03698 /* Debug */ = {
			isa = XCBuildConfiguration;
			baseConfigurationReference = 9660F69E447A152CD7048C6D /* Pods-Tumblr.debug.xcconfig */;
			buildSettings = {
				ASSETCATALOG_COMPILER_APPICON_NAME = AppIcon;
				CODE_SIGN_STYLE = Automatic;
				DEVELOPMENT_TEAM = W9MAH29L8Y;
				INFOPLIST_FILE = Tumblr/Info.plist;
				LD_RUNPATH_SEARCH_PATHS = (
					"$(inherited)",
					"@executable_path/Frameworks",
				);
				PRODUCT_BUNDLE_IDENTIFIER = com.xuangela.Tumblr;
				PRODUCT_NAME = "$(TARGET_NAME)";
				TARGETED_DEVICE_FAMILY = "1,2";
			};
			name = Debug;
		};
		0B8C272F24A4FB9B00C03698 /* Release */ = {
			isa = XCBuildConfiguration;
			baseConfigurationReference = F1F49701673C9BE91BED36A5 /* Pods-Tumblr.release.xcconfig */;
			buildSettings = {
				ASSETCATALOG_COMPILER_APPICON_NAME = AppIcon;
				CODE_SIGN_STYLE = Automatic;
				DEVELOPMENT_TEAM = W9MAH29L8Y;
				INFOPLIST_FILE = Tumblr/Info.plist;
				LD_RUNPATH_SEARCH_PATHS = (
					"$(inherited)",
					"@executable_path/Frameworks",
				);
				PRODUCT_BUNDLE_IDENTIFIER = com.xuangela.Tumblr;
				PRODUCT_NAME = "$(TARGET_NAME)";
				TARGETED_DEVICE_FAMILY = "1,2";
			};
			name = Release;
		};
		0B8C273124A4FB9B00C03698 /* Debug */ = {
			isa = XCBuildConfiguration;
			baseConfigurationReference = 2574358D7D1B5E5FC4109232 /* Pods-TumblrTests.debug.xcconfig */;
			buildSettings = {
				BUNDLE_LOADER = "$(TEST_HOST)";
				CODE_SIGN_STYLE = Automatic;
				DEVELOPMENT_TEAM = W9MAH29L8Y;
				INFOPLIST_FILE = TumblrTests/Info.plist;
				IPHONEOS_DEPLOYMENT_TARGET = 13.5;
				LD_RUNPATH_SEARCH_PATHS = (
					"$(inherited)",
					"@executable_path/Frameworks",
					"@loader_path/Frameworks",
				);
				PRODUCT_BUNDLE_IDENTIFIER = com.xuangela.TumblrTests;
				PRODUCT_NAME = "$(TARGET_NAME)";
				TARGETED_DEVICE_FAMILY = "1,2";
				TEST_HOST = "$(BUILT_PRODUCTS_DIR)/Tumblr.app/Tumblr";
			};
			name = Debug;
		};
		0B8C273224A4FB9B00C03698 /* Release */ = {
			isa = XCBuildConfiguration;
			baseConfigurationReference = 52FB6B27AC942610AB727EB3 /* Pods-TumblrTests.release.xcconfig */;
			buildSettings = {
				BUNDLE_LOADER = "$(TEST_HOST)";
				CODE_SIGN_STYLE = Automatic;
				DEVELOPMENT_TEAM = W9MAH29L8Y;
				INFOPLIST_FILE = TumblrTests/Info.plist;
				IPHONEOS_DEPLOYMENT_TARGET = 13.5;
				LD_RUNPATH_SEARCH_PATHS = (
					"$(inherited)",
					"@executable_path/Frameworks",
					"@loader_path/Frameworks",
				);
				PRODUCT_BUNDLE_IDENTIFIER = com.xuangela.TumblrTests;
				PRODUCT_NAME = "$(TARGET_NAME)";
				TARGETED_DEVICE_FAMILY = "1,2";
				TEST_HOST = "$(BUILT_PRODUCTS_DIR)/Tumblr.app/Tumblr";
			};
			name = Release;
		};
		0B8C273424A4FB9B00C03698 /* Debug */ = {
			isa = XCBuildConfiguration;
			baseConfigurationReference = D6039308C0FB7D3AADD8B10B /* Pods-Tumblr-TumblrUITests.debug.xcconfig */;
			buildSettings = {
				CODE_SIGN_STYLE = Automatic;
				DEVELOPMENT_TEAM = W9MAH29L8Y;
				INFOPLIST_FILE = TumblrUITests/Info.plist;
				LD_RUNPATH_SEARCH_PATHS = (
					"$(inherited)",
					"@executable_path/Frameworks",
					"@loader_path/Frameworks",
				);
				PRODUCT_BUNDLE_IDENTIFIER = com.xuangela.TumblrUITests;
				PRODUCT_NAME = "$(TARGET_NAME)";
				TARGETED_DEVICE_FAMILY = "1,2";
				TEST_TARGET_NAME = Tumblr;
			};
			name = Debug;
		};
		0B8C273524A4FB9B00C03698 /* Release */ = {
			isa = XCBuildConfiguration;
			baseConfigurationReference = 6B162F796E703D7CFFBB2A31 /* Pods-Tumblr-TumblrUITests.release.xcconfig */;
			buildSettings = {
				CODE_SIGN_STYLE = Automatic;
				DEVELOPMENT_TEAM = W9MAH29L8Y;
				INFOPLIST_FILE = TumblrUITests/Info.plist;
				LD_RUNPATH_SEARCH_PATHS = (
					"$(inherited)",
					"@executable_path/Frameworks",
					"@loader_path/Frameworks",
				);
				PRODUCT_BUNDLE_IDENTIFIER = com.xuangela.TumblrUITests;
				PRODUCT_NAME = "$(TARGET_NAME)";
				TARGETED_DEVICE_FAMILY = "1,2";
				TEST_TARGET_NAME = Tumblr;
			};
			name = Release;
		};
/* End XCBuildConfiguration section */

/* Begin XCConfigurationList section */
		0B8C26F924A4FB8D00C03698 /* Build configuration list for PBXProject "Tumblr" */ = {
			isa = XCConfigurationList;
			buildConfigurations = (
				0B8C272B24A4FB9B00C03698 /* Debug */,
				0B8C272C24A4FB9B00C03698 /* Release */,
			);
			defaultConfigurationIsVisible = 0;
			defaultConfigurationName = Release;
		};
		0B8C272D24A4FB9B00C03698 /* Build configuration list for PBXNativeTarget "Tumblr" */ = {
			isa = XCConfigurationList;
			buildConfigurations = (
				0B8C272E24A4FB9B00C03698 /* Debug */,
				0B8C272F24A4FB9B00C03698 /* Release */,
			);
			defaultConfigurationIsVisible = 0;
			defaultConfigurationName = Release;
		};
		0B8C273024A4FB9B00C03698 /* Build configuration list for PBXNativeTarget "TumblrTests" */ = {
			isa = XCConfigurationList;
			buildConfigurations = (
				0B8C273124A4FB9B00C03698 /* Debug */,
				0B8C273224A4FB9B00C03698 /* Release */,
			);
			defaultConfigurationIsVisible = 0;
			defaultConfigurationName = Release;
		};
		0B8C273324A4FB9B00C03698 /* Build configuration list for PBXNativeTarget "TumblrUITests" */ = {
			isa = XCConfigurationList;
			buildConfigurations = (
				0B8C273424A4FB9B00C03698 /* Debug */,
				0B8C273524A4FB9B00C03698 /* Release */,
			);
			defaultConfigurationIsVisible = 0;
			defaultConfigurationName = Release;
		};
/* End XCConfigurationList section */
	};
	rootObject = 0B8C26F624A4FB8D00C03698 /* Project object */;
}
